{
    "_meta": {
        "hash": {
            "sha256": "fa4993f4e9c97b6b59eae8a63deb813836b2284b5216b1d175a4eefdcb35fa5b"
        },
        "pipfile-spec": 6,
        "requires": {
            "python_version": "2.7"
        },
        "sources": [
            {
                "name": "pypi",
                "url": "https://pypi.org/simple",
                "verify_ssl": true
            }
        ]
    },
    "default": {
        "click": {
            "hashes": [
                "sha256:cc6a19da8ebff6e7074f731447ef7e112bd23adf3de5c597cf9989f2fd8defe9",
                "sha256:fcf697e1fd4b567d817c69dab10a4035937fe6af175c05fd6806b69f74cbc6c4"
            ],
            "index": "pypi",
            "version": "==6.6"
        },
        "colorama": {
            "hashes": [
                "sha256:05eed71e2e327246ad6b38c540c4a3117230b19679b875190486ddd2d721422d",
                "sha256:f8ac84de7840f5b9c4e3347b3c1eaa50f7e49c2b07596221daec5edaabbd7c48"
            ],
            "index": "pypi",
            "version": "==0.4.1"
        },
        "flask": {
            "hashes": [
                "sha256:a4f97abd30d289e548434ef42317a793f58087be1989eab96f2c647470e77000",
                "sha256:b4713f2bfb9ebc2966b8a49903ae0d3984781d5c878591cf2f7b484d28756b0e"
            ],
            "index": "pypi",
            "version": "==0.11.1"
        },
        "itsdangerous": {
            "hashes": [
                "sha256:cbb3fcf8d3e33df861709ecaf89d9e6629cff0a217bc2848f1b41cd30d360519"
            ],
            "index": "pypi",
            "version": "==0.24"
        },
        "jinja2": {
            "hashes": [
                "sha256:1cc03ef32b64be19e0a5b54578dd790906a34943fe9102cfdae0d4495bd536b4",
                "sha256:bc1ff2ff88dbfacefde4ddde471d1417d3b304e8df103a7a9437d47269201bf4"
            ],
            "index": "pypi",
            "version": "==2.8"
        },
        "markupsafe": {
            "hashes": [
                "sha256:a4ec1aff59b95a14b45eb2e23761a0179e98319da5a7eb76b56ea8cdc7b871c3"
            ],
            "index": "pypi",
            "version": "==0.23"
        },
        "nltk": {
            "hashes": [
                "sha256:793ead6ef526a1e4c747e9635dc2d3753f4a410f18e8fa13f830dfcc0350727d",
                "sha256:d5533b2d7106ba33d1431a3e77b903c58f07433f0ea8f7a7bc9af2ea2d5c7d6a"
            ],
            "index": "pypi",
            "version": "==3.2.1"
        },
        "oauthlib": {
            "hashes": [
                "sha256:0ad22b4f03fd75ef18d5793e1fed5e2361af5d374009f7722b4af390a0030dfd"
            ],
            "index": "pypi",
            "version": "==2.0.0"
        },
        "requests": {
            "hashes": [
                "sha256:545c4855cd9d7c12671444326337013766f4eea6068c3f0307fb2dc2696d580e",
                "sha256:5acf980358283faba0b897c73959cecf8b841205bb4b2ad3ef545f46eae1a133"
            ],
            "index": "pypi",
            "version": "==2.11.1"
        },
        "requests-oauthlib": {
            "hashes": [
                "sha256:198807c592b75438485c890f0403b1a8e363c86be1a87da687be18991a6850b0",
                "sha256:87e1c05c1b4b4220af0c7ff4e6572ff7fba8032166cb1a12d2e1acd4a5fdaf4f"
            ],
            "index": "pypi",
            "version": "==0.7.0"
        },
        "six": {
            "hashes": [
                "sha256:0ff78c403d9bccf5a425a6d31a12aa6b47f1c21ca4dc2573a7e2f32a97335eb1",
                "sha256:105f8d68616f8248e24bf0e9372ef04d3cc10104f1980f54d57b2ce73a5ad56a"
            ],
            "index": "pypi",
            "version": "==1.10.0"
        },
        "textblob": {
            "hashes": [
                "sha256:2f909c5eea7e8892940a013e8fdb6583d4fd78c284929f36a1ef8ef51450632f",
                "sha256:6fa856bd875ed8bb5dfb5e958f0ad4c3360362eb85b398370d98c3f244172052"
            ],
            "index": "pypi",
            "version": "==0.11.1"
        },
        "tmdbsimple": {
            "hashes": [
                "sha256:3383780ae40fbc2b5197feb06496f81f3a5c0ff3336a2a971a51e638fb10c895",
                "sha256:cd8c5bc3599e803f1f908339b3d010e138722d147f10ed410b3205c72db0c00c"
            ],
            "index": "pypi",
            "version": "==2.2.0"
        },
        "tweepy": {
            "hashes": [
                "sha256:12449b5ca16b0be6a3ea68fb41992627227b48bbad8cd7d5912039340d36badc",
                "sha256:f00ccf5f48c30d559ce0b750dfe3b2df6668dc799d8ce276fd90bfaa68845a58"
            ],
            "index": "pypi",
            "version": "==3.5.0"
        },
        "werkzeug": {
            "hashes": [
                "sha256:e72c46bc14405cba7a26bd2ce28df734471bc9016bc8b4cb69466c2c14c2f7e5",
                "sha256:eb3108af06aed08fb2f4fc883f2adf04c8f4997f6368517591b2becf15ae0da2"
            ],
            "index": "pypi",
            "version": "==0.11.11"
        }
    },
    "develop": {}
}
